
Microsoft Visual Studio Solution File, Format Version 12.00
# Visual Studio Version 16
VisualStudioVersion = 16.0.29613.14
MinimumVisualStudioVersion = 10.0.40219.1
Project("{FAE04EC0-301F-11D3-BF4B-00C04F79EFBC}") = "ePaperLive", "ePaperLive.csproj", "{BE0A6775-A420-4BDE-A9B4-A0F11121DBDF}"
EndProject
Global
	GlobalSection(SolutionConfigurationPlatforms) = preSolution
		Debug|Any CPU = Debug|Any CPU
		Release|Any CPU = Release|Any CPU
	EndGlobalSection
	GlobalSection(ProjectConfigurationPlatforms) = postSolution
		{BE0A6775-A420-4BDE-A9B4-A0F11121DBDF}.Debug|Any CPU.ActiveCfg = Debug|Any CPU
		{BE0A6775-A420-4BDE-A9B4-A0F11121DBDF}.Debug|Any CPU.Build.0 = Debug|Any CPU
		{BE0A6775-A420-4BDE-A9B4-A0F11121DBDF}.Release|Any CPU.ActiveCfg = Release|Any CPU
		{BE0A6775-A420-4BDE-A9B4-A0F11121DBDF}.Release|Any CPU.Build.0 = Release|Any CPU
	EndGlobalSection
	GlobalSection(SolutionProperties) = preSolution
		HideSolutionNode = FALSE
	EndGlobalSection
	GlobalSection(ExtensibilityGlobals) = postSolution
		SolutionGuid = {259C5322-8CB3-4A01-B3C0-0D141062C915}
	EndGlobalSection
EndGlobal
